{
  "nodes": {
    "alacritty-theme": {
      "inputs": {
        "alacritty-theme": "alacritty-theme_2",
        "flake-parts": "flake-parts",
        "nixpkgs": [
          "nixpkgs"
        ]
      },
      "locked": {
        "lastModified": 1716396989,
        "narHash": "sha256-VACBvoTMJepfbZ7R6RbwsvuaE/x2XvcqczTsda5Cp38=",
        "owner": "alexghr",
        "repo": "alacritty-theme.nix",
        "rev": "177db9dfddbc5c9e096ff1560053b5355111c9ae",
        "type": "github"
      },
      "original": {
        "owner": "alexghr",
        "repo": "alacritty-theme.nix",
        "type": "github"
      }
    },
    "alacritty-theme_2": {
      "flake": false,
      "locked": {
        "lastModified": 1714732884,
        "narHash": "sha256-bPup3AKFGVuUC8CzVhWJPKphHdx0GAc62GxWsUWQ7Xk=",
        "owner": "alacritty",
        "repo": "alacritty-theme",
        "rev": "94e1dc0b9511969a426208fbba24bd7448493785",
        "type": "github"
      },
      "original": {
        "owner": "alacritty",
        "repo": "alacritty-theme",
        "type": "github"
      }
    },
    "crane": {
      "inputs": {
        "nixpkgs": [
          "zjstatus",
          "nixpkgs"
        ]
      },
      "locked": {
        "lastModified": 1718078026,
        "narHash": "sha256-LbQabH6h86ZzTvDnaZHmMwedRZNB2jYtUQzmoqWQoJ8=",
        "owner": "ipetkov",
        "repo": "crane",
        "rev": "a3f0c63eed74a516298932b9b1627dd80b9c3892",
        "type": "github"
      },
      "original": {
        "owner": "ipetkov",
        "repo": "crane",
        "type": "github"
      }
    },
    "ctpv": {
      "inputs": {
        "flake-utils": "flake-utils",
        "nixpkgs": [
          "nixpkgs"
        ]
      },
      "locked": {
        "lastModified": 1705100340,
        "narHash": "sha256-ZcPCc8DZiTju55QhjbHNghs3OONo8iB3vmAgIMlHoDw=",
        "owner": "xav-ie",
        "repo": "ctpv-nix",
        "rev": "7f82381f0d5509ed47ef37bd784ee38d66a32d78",
        "type": "github"
      },
      "original": {
        "owner": "xav-ie",
        "repo": "ctpv-nix",
        "type": "github"
      }
    },
    "darwin": {
      "inputs": {
        "nixpkgs": [
          "nixpkgs"
        ]
      },
      "locked": {
        "lastModified": 1718662658,
        "narHash": "sha256-AKG7BsqtVWDlefgzyKz7vjaKTLi4+bmTSBhowbQoZtM=",
        "owner": "LnL7",
        "repo": "nix-darwin",
        "rev": "29b3096a6e283d7e6779187244cb2a3942239fdf",
        "type": "github"
      },
      "original": {
        "owner": "LnL7",
        "repo": "nix-darwin",
        "type": "github"
      }
    },
    "flake-compat": {
      "flake": false,
      "locked": {
        "lastModified": 1696426674,
        "narHash": "sha256-kvjfFW7WAETZlt09AgDn1MrtKzP7t90Vf7vypd3OL1U=",
        "owner": "edolstra",
        "repo": "flake-compat",
        "rev": "0f9255e01c2351cc7d116c072cb317785dd33b33",
        "type": "github"
      },
      "original": {
        "owner": "edolstra",
        "repo": "flake-compat",
        "type": "github"
      }
    },
    "flake-parts": {
      "inputs": {
        "nixpkgs-lib": "nixpkgs-lib"
      },
      "locked": {
        "lastModified": 1683560683,
        "narHash": "sha256-XAygPMN5Xnk/W2c1aW0jyEa6lfMDZWlQgiNtmHXytPc=",
        "owner": "hercules-ci",
        "repo": "flake-parts",
        "rev": "006c75898cf814ef9497252b022e91c946ba8e17",
        "type": "github"
      },
      "original": {
        "owner": "hercules-ci",
        "repo": "flake-parts",
        "type": "github"
      }
    },
    "flake-utils": {
      "inputs": {
        "systems": "systems"
      },
      "locked": {
        "lastModified": 1701680307,
        "narHash": "sha256-kAuep2h5ajznlPMD9rnQyffWG8EM/C73lejGofXvdM8=",
        "owner": "numtide",
        "repo": "flake-utils",
        "rev": "4022d587cbbfd70fe950c1e2083a02621806a725",
        "type": "github"
      },
      "original": {
        "owner": "numtide",
        "repo": "flake-utils",
        "type": "github"
      }
    },
    "flake-utils_2": {
      "inputs": {
        "systems": "systems_2"
      },
      "locked": {
        "lastModified": 1710146030,
        "narHash": "sha256-SZ5L6eA7HJ/nmkzGG7/ISclqe6oZdOZTNoesiInkXPQ=",
        "owner": "numtide",
        "repo": "flake-utils",
        "rev": "b1d9ab70662946ef0850d488da1c9019f3a9752a",
        "type": "github"
      },
      "original": {
        "owner": "numtide",
        "repo": "flake-utils",
        "type": "github"
      }
    },
    "flake-utils_3": {
      "inputs": {
        "systems": "systems_4"
      },
      "locked": {
        "lastModified": 1710146030,
        "narHash": "sha256-SZ5L6eA7HJ/nmkzGG7/ISclqe6oZdOZTNoesiInkXPQ=",
        "owner": "numtide",
        "repo": "flake-utils",
        "rev": "b1d9ab70662946ef0850d488da1c9019f3a9752a",
        "type": "github"
      },
      "original": {
        "owner": "numtide",
        "repo": "flake-utils",
        "type": "github"
      }
    },
    "flake-utils_4": {
      "inputs": {
        "systems": "systems_5"
      },
      "locked": {
        "lastModified": 1710146030,
        "narHash": "sha256-SZ5L6eA7HJ/nmkzGG7/ISclqe6oZdOZTNoesiInkXPQ=",
        "owner": "numtide",
        "repo": "flake-utils",
        "rev": "b1d9ab70662946ef0850d488da1c9019f3a9752a",
        "type": "github"
      },
      "original": {
        "owner": "numtide",
        "repo": "flake-utils",
        "type": "github"
      }
    },
    "freetype2": {
      "flake": false,
      "locked": {
        "lastModified": 1687587065,
        "narHash": "sha256-+Fh+/k+NWL5Ow9sDLtp8Cv/8rLNA1oByQQCIQS/bysY=",
        "owner": "wez",
        "repo": "freetype2",
        "rev": "e4586d960f339cf75e2e0b34aee30a0ed8353c0d",
        "type": "github"
      },
      "original": {
        "owner": "wez",
        "repo": "freetype2",
        "rev": "e4586d960f339cf75e2e0b34aee30a0ed8353c0d",
        "type": "github"
      }
    },
    "generate-kaomoji": {
      "inputs": {
        "flake-utils": "flake-utils_2",
        "nixpkgs": [
          "nixpkgs"
        ]
      },
      "locked": {
        "lastModified": 1713383205,
        "narHash": "sha256-i5jTySwcsgMcyfpNK9pgRHA104jB1a89TOFMpWXx3NM=",
        "owner": "xav-ie",
        "repo": "generate-kaomoji",
        "rev": "10d2d99d8e0b76fe0ffc711bd962a1df4a39c680",
        "type": "github"
      },
      "original": {
        "owner": "xav-ie",
        "repo": "generate-kaomoji",
        "type": "github"
      }
    },
    "hardware": {
      "locked": {
        "lastModified": 1718548414,
        "narHash": "sha256-1obyIuQPR/Kq1j5/i/5EuAfQrDwjYnjCDG8iLtXmBhQ=",
        "owner": "nixos",
        "repo": "nixos-hardware",
        "rev": "cde8f7e11f036160b0fd6a9e07dc4c8e4061cf06",
        "type": "github"
      },
      "original": {
        "owner": "nixos",
        "repo": "nixos-hardware",
        "type": "github"
      }
    },
    "harfbuzz": {
      "flake": false,
      "locked": {
        "lastModified": 1711722720,
        "narHash": "sha256-GdxcAPx5QyniSHPAN1ih28AD9JLUPR0ItqW9JEsl3pU=",
        "owner": "harfbuzz",
        "repo": "harfbuzz",
        "rev": "63973005bc07aba599b47fdd4cf788647b601ccd",
        "type": "github"
      },
      "original": {
        "owner": "harfbuzz",
        "ref": "8.4.0",
        "repo": "harfbuzz",
        "type": "github"
      }
    },
    "home-manager": {
      "inputs": {
        "nixpkgs": [
          "nixpkgs"
        ]
      },
      "locked": {
        "lastModified": 1718716991,
        "narHash": "sha256-sKrD/utGvmtQALvuDj4j0CT3AJXP1idOAq2p+27TpeE=",
        "owner": "nix-community",
        "repo": "home-manager",
        "rev": "fab8e511d58f9c3f1cf8456abd685bfd381f7ebe",
        "type": "github"
      },
      "original": {
        "owner": "nix-community",
        "repo": "home-manager",
        "type": "github"
      }
    },
    "hyprcursor": {
      "inputs": {
        "hyprlang": [
          "hyprland",
          "hyprlang"
        ],
        "nixpkgs": [
          "hyprland",
          "nixpkgs"
        ],
        "systems": [
          "hyprland",
          "systems"
        ]
      },
      "locked": {
        "lastModified": 1718368322,
        "narHash": "sha256-VfMg3RsnRLQzbq0hFIh1dCM09b5C/F/qPFUOgU/CRi0=",
        "owner": "hyprwm",
        "repo": "hyprcursor",
        "rev": "dd3a853c8239d1c3f3f37de7d2b8ae4b4f3840df",
        "type": "github"
      },
      "original": {
        "owner": "hyprwm",
        "repo": "hyprcursor",
        "type": "github"
      }
    },
    "hyprland": {
      "inputs": {
        "hyprcursor": "hyprcursor",
        "hyprlang": "hyprlang",
        "hyprutils": "hyprutils",
        "hyprwayland-scanner": "hyprwayland-scanner",
        "nixpkgs": [
          "nixpkgs"
        ],
        "systems": "systems_3",
        "xdph": "xdph"
      },
      "locked": {
        "lastModified": 1718723174,
        "narHash": "sha256-cPIOblG2H8Z934FPeuU0I6kI1Ke8ZbF330Nq/hTJ2uU=",
        "ref": "refs/heads/main",
        "rev": "236150b3c5227bbfbe46d2610c739a386afdca1f",
        "revCount": 4859,
        "submodules": true,
        "type": "git",
        "url": "https://github.com/hyprwm/Hyprland"
      },
      "original": {
        "submodules": true,
        "type": "git",
        "url": "https://github.com/hyprwm/Hyprland"
      }
    },
    "hyprland-contrib": {
      "inputs": {
        "nixpkgs": [
          "nixpkgs"
        ]
      },
      "locked": {
        "lastModified": 1718476555,
        "narHash": "sha256-fuWpgh8KasByIJWE+xVd37Al0LV5YAn6s871T50qVY0=",
        "owner": "hyprwm",
        "repo": "contrib",
        "rev": "29a8374f4b9206d5c4af84aceb7fb5dff441ea60",
        "type": "github"
      },
      "original": {
        "owner": "hyprwm",
        "repo": "contrib",
        "type": "github"
      }
    },
    "hyprland-protocols": {
      "inputs": {
        "nixpkgs": [
          "hyprland",
          "xdph",
          "nixpkgs"
        ],
        "systems": [
          "hyprland",
          "xdph",
          "systems"
        ]
      },
      "locked": {
        "lastModified": 1691753796,
        "narHash": "sha256-zOEwiWoXk3j3+EoF3ySUJmberFewWlagvewDRuWYAso=",
        "owner": "hyprwm",
        "repo": "hyprland-protocols",
        "rev": "0c2ce70625cb30aef199cb388f99e19a61a6ce03",
        "type": "github"
      },
      "original": {
        "owner": "hyprwm",
        "repo": "hyprland-protocols",
        "type": "github"
      }
    },
    "hyprlang": {
      "inputs": {
        "hyprutils": [
          "hyprland",
          "hyprutils"
        ],
        "nixpkgs": [
          "hyprland",
          "nixpkgs"
        ],
        "systems": [
          "hyprland",
          "systems"
        ]
      },
      "locked": {
        "lastModified": 1717881852,
        "narHash": "sha256-XeeVoKHQgfKuXoP6q90sUqKyl7EYy3ol2dVZGM+Jj94=",
        "owner": "hyprwm",
        "repo": "hyprlang",
        "rev": "ec6938c66253429192274d612912649a0cfe4d28",
        "type": "github"
      },
      "original": {
        "owner": "hyprwm",
        "repo": "hyprlang",
        "type": "github"
      }
    },
    "hyprutils": {
      "inputs": {
        "nixpkgs": [
          "hyprland",
          "nixpkgs"
        ],
        "systems": [
          "hyprland",
          "systems"
        ]
      },
      "locked": {
        "lastModified": 1718271409,
        "narHash": "sha256-8KvVqtApNt4FWTdn1TqVvw00rpqyG9UuUPA2ilPVD1U=",
        "owner": "hyprwm",
        "repo": "hyprutils",
        "rev": "8e10e0626fb26a14b859b3811b6ed7932400c86e",
        "type": "github"
      },
      "original": {
        "owner": "hyprwm",
        "repo": "hyprutils",
        "type": "github"
      }
    },
    "hyprwayland-scanner": {
      "inputs": {
        "nixpkgs": [
          "hyprland",
          "nixpkgs"
        ],
        "systems": [
          "hyprland",
          "systems"
        ]
      },
      "locked": {
        "lastModified": 1718119275,
        "narHash": "sha256-nqDYXATNkyGXVmNMkT19fT4sjtSPBDS1LLOxa3Fueo4=",
        "owner": "hyprwm",
        "repo": "hyprwayland-scanner",
        "rev": "1419520d5f7f38d35e05504da5c1b38212a38525",
        "type": "github"
      },
      "original": {
        "owner": "hyprwm",
        "repo": "hyprwayland-scanner",
        "type": "github"
      }
    },
    "libpng": {
      "flake": false,
      "locked": {
        "lastModified": 1549245649,
        "narHash": "sha256-1+cRp0Ungme/OGfc9kGJbklYIWAFxk8Il1M+NV4KSgw=",
        "owner": "glennrp",
        "repo": "libpng",
        "rev": "8439534daa1d3a5705ba92e653eda9251246dd61",
        "type": "github"
      },
      "original": {
        "owner": "glennrp",
        "repo": "libpng",
        "rev": "8439534daa1d3a5705ba92e653eda9251246dd61",
        "type": "github"
      }
    },
    "nixpkgs": {
      "locked": {
        "lastModified": 1718530797,
        "narHash": "sha256-pup6cYwtgvzDpvpSCFh1TEUjw2zkNpk8iolbKnyFmmU=",
        "owner": "nixos",
        "repo": "nixpkgs",
        "rev": "b60ebf54c15553b393d144357375ea956f89e9a9",
        "type": "github"
      },
      "original": {
        "owner": "nixos",
        "ref": "nixos-unstable",
        "repo": "nixpkgs",
        "type": "github"
      }
    },
    "nixpkgs-lib": {
      "locked": {
        "dir": "lib",
        "lastModified": 1682879489,
        "narHash": "sha256-sASwo8gBt7JDnOOstnps90K1wxmVfyhsTPPNTGBPjjg=",
        "owner": "NixOS",
        "repo": "nixpkgs",
        "rev": "da45bf6ec7bbcc5d1e14d3795c025199f28e0de0",
        "type": "github"
      },
      "original": {
        "dir": "lib",
        "owner": "NixOS",
        "ref": "nixos-unstable",
        "repo": "nixpkgs",
        "type": "github"
      }
    },
    "nixpkgs-stable": {
      "locked": {
        "lastModified": 1718447546,
        "narHash": "sha256-JHuXsrC9pr4kA4n7LuuPfWFJUVlDBVJ1TXDVpHEuUgM=",
        "owner": "nixos",
        "repo": "nixpkgs",
        "rev": "842253bf992c3a7157b67600c2857193f126563a",
        "type": "github"
      },
      "original": {
        "owner": "nixos",
        "ref": "nixos-23.11",
        "repo": "nixpkgs",
        "type": "github"
      }
    },
    "nixpkgs-unfree": {
      "inputs": {
        "nixpkgs": [
          "ollama",
          "nixpkgs"
        ]
      },
      "locked": {
        "lastModified": 1709054971,
        "narHash": "sha256-3IwfLOCKF/aGzjG79GCsj/ZxZF0hQYbitFyzekSYDwk=",
        "owner": "numtide",
        "repo": "nixpkgs-unfree",
        "rev": "1cfef288e8ddfb79fba9e11cc869ccf1bcfc01e6",
        "type": "github"
      },
      "original": {
        "owner": "numtide",
        "repo": "nixpkgs-unfree",
        "type": "github"
      }
    },
    "nixpkgs_2": {
      "locked": {
        "lastModified": 1716715802,
        "narHash": "sha256-usk0vE7VlxPX8jOavrtpOqphdfqEQpf9lgedlY/r66c=",
        "owner": "NixOS",
        "repo": "nixpkgs",
        "rev": "e2dd4e18cc1c7314e24154331bae07df76eb582f",
        "type": "github"
      },
      "original": {
        "owner": "NixOS",
        "ref": "nixpkgs-unstable",
        "repo": "nixpkgs",
        "type": "github"
      }
    },
    "nur": {
      "locked": {
        "lastModified": 1718728700,
        "narHash": "sha256-awXrZIDyA22ArEiecVTI04mNlZXShhjTusynq86YYW0=",
        "owner": "nix-community",
        "repo": "NUR",
        "rev": "aad0a9529ebd80fd909720a26db47ad2fe991790",
        "type": "github"
      },
      "original": {
        "owner": "nix-community",
        "repo": "NUR",
        "type": "github"
      }
    },
    "ollama": {
      "inputs": {
        "nixpkgs": "nixpkgs_2",
        "nixpkgs-unfree": "nixpkgs-unfree"
      },
      "locked": {
        "lastModified": 1718261717,
        "narHash": "sha256-xSLINM8ePDH1VWy2t+nvm66yk58QQJVDpw2CClp6Lfk=",
        "owner": "abysssol",
        "repo": "ollama-flake",
        "rev": "db2c022eb315d8b7cb82fc50666c40aa4e4b1f10",
        "type": "github"
      },
      "original": {
        "owner": "abysssol",
        "repo": "ollama-flake",
        "type": "github"
      }
    },
    "root": {
      "inputs": {
        "alacritty-theme": "alacritty-theme",
        "ctpv": "ctpv",
        "darwin": "darwin",
        "generate-kaomoji": "generate-kaomoji",
        "hardware": "hardware",
        "home-manager": "home-manager",
        "hyprland": "hyprland",
        "hyprland-contrib": "hyprland-contrib",
        "nixpkgs": "nixpkgs",
        "nixpkgs-stable": "nixpkgs-stable",
        "nur": "nur",
        "ollama": "ollama",
        "waybar": "waybar",
        "wezterm": "wezterm",
        "zjstatus": "zjstatus"
      }
    },
    "rust-overlay": {
      "inputs": {
        "flake-utils": [
          "wezterm",
          "flake-utils"
        ],
        "nixpkgs": [
          "wezterm",
          "nixpkgs"
        ]
      },
      "locked": {
        "lastModified": 1718417877,
        "narHash": "sha256-s8QrTANEtY6UxzfkcBfoN93bgW9aCRIq54LPRVNu/4c=",
        "owner": "oxalica",
        "repo": "rust-overlay",
        "rev": "7c2d603cb67c974ef8c5cfee1150060dbb299e04",
        "type": "github"
      },
      "original": {
        "owner": "oxalica",
        "repo": "rust-overlay",
        "type": "github"
      }
    },
    "rust-overlay_2": {
      "inputs": {
        "flake-utils": [
          "zjstatus",
          "flake-utils"
        ],
        "nixpkgs": [
          "zjstatus",
          "nixpkgs"
        ]
      },
      "locked": {
        "lastModified": 1718072316,
        "narHash": "sha256-p33h73iQ1HkLalCplV5MH0oP3HXRaH3zufnFqb5//ps=",
        "owner": "oxalica",
        "repo": "rust-overlay",
        "rev": "bedc47af18fc41bb7d2edc2b212d59ca36253f59",
        "type": "github"
      },
      "original": {
        "owner": "oxalica",
        "repo": "rust-overlay",
        "type": "github"
      }
    },
    "systems": {
      "locked": {
        "lastModified": 1681028828,
        "narHash": "sha256-Vy1rq5AaRuLzOxct8nz4T6wlgyUR7zLU309k9mBC768=",
        "owner": "nix-systems",
        "repo": "default",
        "rev": "da67096a3b9bf56a91d16901293e51ba5b49a27e",
        "type": "github"
      },
      "original": {
        "owner": "nix-systems",
        "repo": "default",
        "type": "github"
      }
    },
    "systems_2": {
      "locked": {
        "lastModified": 1681028828,
        "narHash": "sha256-Vy1rq5AaRuLzOxct8nz4T6wlgyUR7zLU309k9mBC768=",
        "owner": "nix-systems",
        "repo": "default",
        "rev": "da67096a3b9bf56a91d16901293e51ba5b49a27e",
        "type": "github"
      },
      "original": {
        "owner": "nix-systems",
        "repo": "default",
        "type": "github"
      }
    },
    "systems_3": {
      "locked": {
        "lastModified": 1689347949,
        "narHash": "sha256-12tWmuL2zgBgZkdoB6qXZsgJEH9LR3oUgpaQq2RbI80=",
        "owner": "nix-systems",
        "repo": "default-linux",
        "rev": "31732fcf5e8fea42e59c2488ad31a0e651500f68",
        "type": "github"
      },
      "original": {
        "owner": "nix-systems",
        "repo": "default-linux",
        "type": "github"
      }
    },
    "systems_4": {
      "locked": {
        "lastModified": 1681028828,
        "narHash": "sha256-Vy1rq5AaRuLzOxct8nz4T6wlgyUR7zLU309k9mBC768=",
        "owner": "nix-systems",
        "repo": "default",
        "rev": "da67096a3b9bf56a91d16901293e51ba5b49a27e",
        "type": "github"
      },
      "original": {
        "owner": "nix-systems",
        "repo": "default",
        "type": "github"
      }
    },
    "systems_5": {
      "locked": {
        "lastModified": 1681028828,
        "narHash": "sha256-Vy1rq5AaRuLzOxct8nz4T6wlgyUR7zLU309k9mBC768=",
        "owner": "nix-systems",
        "repo": "default",
        "rev": "da67096a3b9bf56a91d16901293e51ba5b49a27e",
        "type": "github"
      },
      "original": {
        "owner": "nix-systems",
        "repo": "default",
        "type": "github"
      }
    },
    "waybar": {
      "inputs": {
        "flake-compat": "flake-compat",
        "nixpkgs": [
          "nixpkgs"
        ]
      },
      "locked": {
        "lastModified": 1718524023,
        "narHash": "sha256-p/ltl9jGZ/k9qqgmUXonCIbd40rcQQri6YYY7KVxmv4=",
        "owner": "Alexays",
        "repo": "waybar",
        "rev": "1c1089bade49f4b7745f8226886608005d1ed29c",
        "type": "github"
      },
      "original": {
        "owner": "Alexays",
        "repo": "waybar",
        "type": "github"
      }
    },
    "wezterm": {
      "inputs": {
        "flake-utils": "flake-utils_3",
        "freetype2": "freetype2",
        "harfbuzz": "harfbuzz",
        "libpng": "libpng",
        "nixpkgs": [
          "nixpkgs"
        ],
        "rust-overlay": "rust-overlay",
        "zlib": "zlib"
      },
      "locked": {
        "dir": "nix",
        "lastModified": 1718638535,
        "narHash": "sha256-wKkhtsMPIXBtAUNIQ4O6b2kahcaub3+JzF4V7NFsA4Q=",
        "owner": "wez",
        "repo": "wezterm",
        "rev": "cb1406860a23896ca6935696169644d140e29208",
        "type": "github"
      },
      "original": {
        "dir": "nix",
        "owner": "wez",
        "repo": "wezterm",
        "type": "github"
      }
    },
    "xdph": {
      "inputs": {
        "hyprland-protocols": "hyprland-protocols",
        "hyprlang": [
          "hyprland",
          "hyprlang"
        ],
        "nixpkgs": [
          "hyprland",
          "nixpkgs"
        ],
        "systems": [
          "hyprland",
          "systems"
        ]
      },
      "locked": {
        "lastModified": 1718272114,
        "narHash": "sha256-KsX7sAwkEFpXiwyjt0HGTnnrUU58wW1jlzj5IA/LRz8=",
        "owner": "hyprwm",
        "repo": "xdg-desktop-portal-hyprland",
        "rev": "24be4a26f0706e456fca1b61b8c79f7486a9e86d",
        "type": "github"
      },
      "original": {
        "owner": "hyprwm",
        "repo": "xdg-desktop-portal-hyprland",
        "type": "github"
      }
    },
    "zjstatus": {
      "inputs": {
        "crane": "crane",
        "flake-utils": "flake-utils_4",
        "nixpkgs": [
          "nixpkgs"
        ],
        "rust-overlay": "rust-overlay_2"
      },
      "locked": {
        "lastModified": 1718092736,
        "narHash": "sha256-UO2+Lfgv0qBlOW1oddarZV5OEufm+Im5RMqbGdJHvGI=",
        "owner": "dj95",
        "repo": "zjstatus",
        "rev": "eed126b31e7a94d16bc4aa7ef5c2d81e45a28569",
        "type": "github"
      },
      "original": {
        "owner": "dj95",
        "repo": "zjstatus",
        "type": "github"
      }
    },
    "zlib": {
      "flake": false,
      "locked": {
        "lastModified": 1484501380,
        "narHash": "sha256-j5b6aki1ztrzfCqu8y729sPar8GpyQWIrajdzpJC+ww=",
        "owner": "madler",
        "repo": "zlib",
        "rev": "cacf7f1d4e3d44d871b605da3b647f07d718623f",
        "type": "github"
      },
      "original": {
        "owner": "madler",
        "ref": "v1.2.11",
        "repo": "zlib",
        "type": "github"
      }
    }
  },
  "root": "root",
  "version": 7
}
